
Microsoft Visual Studio Solution File, Format Version 12.00
Project("{FAE04EC0-301F-11D3-BF4B-00C04F79EFBC}") = "Mission6_Fowler", "Mission6_Fowler\Mission6_Fowler.csproj", "{0AE7731C-0C1F-42CA-98DF-B058E7E5A075}"
EndProject
Global
	GlobalSection(SolutionConfigurationPlatforms) = preSolution
		Debug|Any CPU = Debug|Any CPU
		Release|Any CPU = Release|Any CPU
	EndGlobalSection
	GlobalSection(ProjectConfigurationPlatforms) = postSolution
		{0AE7731C-0C1F-42CA-98DF-B058E7E5A075}.Debug|Any CPU.ActiveCfg = Debug|Any CPU
		{0AE7731C-0C1F-42CA-98DF-B058E7E5A075}.Debug|Any CPU.Build.0 = Debug|Any CPU
		{0AE7731C-0C1F-42CA-98DF-B058E7E5A075}.Release|Any CPU.ActiveCfg = Release|Any CPU
		{0AE7731C-0C1F-42CA-98DF-B058E7E5A075}.Release|Any CPU.Build.0 = Release|Any CPU
	EndGlobalSection
EndGlobal
